
Microsoft Visual Studio Solution File, Format Version 12.00
# Visual Studio Version 17
VisualStudioVersion = 17.5.33424.131
MinimumVisualStudioVersion = 10.0.40219.1
Project("{FAE04EC0-301F-11D3-BF4B-00C04F79EFBC}") = "Week5LogicalOperators", "Week5LogicalOperators\Week5LogicalOperators.csproj", "{A44E6E4A-04EC-4F05-A7CC-CA180594E210}"
EndProject
Project("{FAE04EC0-301F-11D3-BF4B-00C04F79EFBC}") = "ANDoperator", "ANDoperator\ANDoperator.csproj", "{8622BA33-CD98-40E2-AE66-02E8DA437789}"
EndProject
Project("{FAE04EC0-301F-11D3-BF4B-00C04F79EFBC}") = "OROperator", "OROperator\OROperator.csproj", "{C9ED4C8A-0A51-43BA-8318-08FAB932128A}"
EndProject
Project("{FAE04EC0-301F-11D3-BF4B-00C04F79EFBC}") = "ANDRanges", "ANDRanges\ANDRanges.csproj", "{6E45AB9B-9F5B-42D4-BE10-5D959CC1A04C}"
EndProject
Global
	GlobalSection(SolutionConfigurationPlatforms) = preSolution
		Debug|Any CPU = Debug|Any CPU
		Release|Any CPU = Release|Any CPU
	EndGlobalSection
	GlobalSection(ProjectConfigurationPlatforms) = postSolution
		{A44E6E4A-04EC-4F05-A7CC-CA180594E210}.Debug|Any CPU.ActiveCfg = Debug|Any CPU
		{A44E6E4A-04EC-4F05-A7CC-CA180594E210}.Debug|Any CPU.Build.0 = Debug|Any CPU
		{A44E6E4A-04EC-4F05-A7CC-CA180594E210}.Release|Any CPU.ActiveCfg = Release|Any CPU
		{A44E6E4A-04EC-4F05-A7CC-CA180594E210}.Release|Any CPU.Build.0 = Release|Any CPU
		{8622BA33-CD98-40E2-AE66-02E8DA437789}.Debug|Any CPU.ActiveCfg = Debug|Any CPU
		{8622BA33-CD98-40E2-AE66-02E8DA437789}.Debug|Any CPU.Build.0 = Debug|Any CPU
		{8622BA33-CD98-40E2-AE66-02E8DA437789}.Release|Any CPU.ActiveCfg = Release|Any CPU
		{8622BA33-CD98-40E2-AE66-02E8DA437789}.Release|Any CPU.Build.0 = Release|Any CPU
		{C9ED4C8A-0A51-43BA-8318-08FAB932128A}.Debug|Any CPU.ActiveCfg = Debug|Any CPU
		{C9ED4C8A-0A51-43BA-8318-08FAB932128A}.Debug|Any CPU.Build.0 = Debug|Any CPU
		{C9ED4C8A-0A51-43BA-8318-08FAB932128A}.Release|Any CPU.ActiveCfg = Release|Any CPU
		{C9ED4C8A-0A51-43BA-8318-08FAB932128A}.Release|Any CPU.Build.0 = Release|Any CPU
		{6E45AB9B-9F5B-42D4-BE10-5D959CC1A04C}.Debug|Any CPU.ActiveCfg = Debug|Any CPU
		{6E45AB9B-9F5B-42D4-BE10-5D959CC1A04C}.Debug|Any CPU.Build.0 = Debug|Any CPU
		{6E45AB9B-9F5B-42D4-BE10-5D959CC1A04C}.Release|Any CPU.ActiveCfg = Release|Any CPU
		{6E45AB9B-9F5B-42D4-BE10-5D959CC1A04C}.Release|Any CPU.Build.0 = Release|Any CPU
	EndGlobalSection
	GlobalSection(SolutionProperties) = preSolution
		HideSolutionNode = FALSE
	EndGlobalSection
	GlobalSection(ExtensibilityGlobals) = postSolution
		SolutionGuid = {338F9198-69C6-4DCE-A6C0-95F68B948771}
	EndGlobalSection
EndGlobal
